// !$*UTF8*$!
{
	archiveVersion = 1;
	classes = {
	};
	objectVersion = 46;
	objects = {

/* Begin PBXBuildFile section */
		E52F45891B121F4C004F7444 /* Swiftish.h in Headers */ = {isa = PBXBuildFile; fileRef = E52F45881B121F4C004F7444 /* Swiftish.h */; settings = {ATTRIBUTES = (Public, ); }; };
		E52F458F1B121F4C004F7444 /* Swiftish.framework in Frameworks */ = {isa = PBXBuildFile; fileRef = E52F45831B121F4C004F7444 /* Swiftish.framework */; };
		E52FE2151DA1761600878C40 /* Frustum.swift in Sources */ = {isa = PBXBuildFile; fileRef = E52FE2141DA1761600878C40 /* Frustum.swift */; };
		E52FE2171DA1779900878C40 /* Intersection.swift in Sources */ = {isa = PBXBuildFile; fileRef = E52FE2161DA1779900878C40 /* Intersection.swift */; };
		E52FE2191DA1811100878C40 /* PerspectiveProjection.swift in Sources */ = {isa = PBXBuildFile; fileRef = E52FE2181DA1811100878C40 /* PerspectiveProjection.swift */; };
		E5CCAB0F1D96C8F1003BC135 /* Vector2.swift in Sources */ = {isa = PBXBuildFile; fileRef = E52F45A11B121FD5004F7444 /* Vector2.swift */; };
		E5CCAB101D96CCE4003BC135 /* Vector2Tests.swift in Sources */ = {isa = PBXBuildFile; fileRef = E52F45AB1B1220D9004F7444 /* Vector2Tests.swift */; };
		E5CCAB111D96CD20003BC135 /* Vector3Tests.swift in Sources */ = {isa = PBXBuildFile; fileRef = E52F45AD1B125928004F7444 /* Vector3Tests.swift */; };
		E5CCAB121D96CD25003BC135 /* Vector4Tests.swift in Sources */ = {isa = PBXBuildFile; fileRef = E52F45AF1B125DFE004F7444 /* Vector4Tests.swift */; };
		E5CCAB141D96E1C0003BC135 /* Vectorable.swift in Sources */ = {isa = PBXBuildFile; fileRef = E5CCAB131D96E1C0003BC135 /* Vectorable.swift */; };
		E5CCAB161D96E32E003BC135 /* Vector3.swift in Sources */ = {isa = PBXBuildFile; fileRef = E5CCAB151D96E32E003BC135 /* Vector3.swift */; };
		E5CCAB181D96E3BA003BC135 /* Vector4.swift in Sources */ = {isa = PBXBuildFile; fileRef = E5CCAB171D96E3BA003BC135 /* Vector4.swift */; };
		E5CCAB1A1D96E8AA003BC135 /* Color.swift in Sources */ = {isa = PBXBuildFile; fileRef = E5CCAB191D96E8AA003BC135 /* Color.swift */; };
		E5CCAB1C1D96E929003BC135 /* TexCoord.swift in Sources */ = {isa = PBXBuildFile; fileRef = E5CCAB1B1D96E929003BC135 /* TexCoord.swift */; };
		E5CCAB1D1D96F2E1003BC135 /* Quaternion.swift in Sources */ = {isa = PBXBuildFile; fileRef = E5CB1D7E1B1B8D0700A08B63 /* Quaternion.swift */; };
		E5CCAB1F1D96FDBC003BC135 /* Matrix2x2.swift in Sources */ = {isa = PBXBuildFile; fileRef = E5CCAB1E1D96FDBC003BC135 /* Matrix2x2.swift */; };
		E5CCAB211D96FDC9003BC135 /* Matrix3x3.swift in Sources */ = {isa = PBXBuildFile; fileRef = E5CCAB201D96FDC9003BC135 /* Matrix3x3.swift */; };
		E5CCAB251D970142003BC135 /* Size.swift in Sources */ = {isa = PBXBuildFile; fileRef = E5CCAB241D970142003BC135 /* Size.swift */; };
		E5CCAB271D970239003BC135 /* Bounds2.swift in Sources */ = {isa = PBXBuildFile; fileRef = E5CCAB261D970239003BC135 /* Bounds2.swift */; };
		E5CCAB2F1D9719D0003BC135 /* Bounds3.swift in Sources */ = {isa = PBXBuildFile; fileRef = E5CCAB2E1D9719D0003BC135 /* Bounds3.swift */; };
		E5CCAB311D971E1F003BC135 /* Region2.swift in Sources */ = {isa = PBXBuildFile; fileRef = E5CCAB301D971E1F003BC135 /* Region2.swift */; };
		E5CCAB331D971F6C003BC135 /* Region3.swift in Sources */ = {isa = PBXBuildFile; fileRef = E5CCAB321D971F6C003BC135 /* Region3.swift */; };
		E5CCAB341D977650003BC135 /* Matrix4x4.swift in Sources */ = {isa = PBXBuildFile; fileRef = E5CCAB221D96FDD4003BC135 /* Matrix4x4.swift */; };
		E5CCAB351D982AB4003BC135 /* Matrix2Tests.swift in Sources */ = {isa = PBXBuildFile; fileRef = E55C63CF1B139B4600E5D43E /* Matrix2Tests.swift */; };
		E5CCAB361D982EF4003BC135 /* Matrix3Tests.swift in Sources */ = {isa = PBXBuildFile; fileRef = E55C63D11B13A37A00E5D43E /* Matrix3Tests.swift */; };
		E5CCAB371D982F36003BC135 /* Matrix4Tests.swift in Sources */ = {isa = PBXBuildFile; fileRef = E55C63D31B13A55D00E5D43E /* Matrix4Tests.swift */; };
		E5CCAB391D983099003BC135 /* Transform3.swift in Sources */ = {isa = PBXBuildFile; fileRef = E5CCAB381D983099003BC135 /* Transform3.swift */; };
		E5CCAB3B1D985463003BC135 /* Triangle3.swift in Sources */ = {isa = PBXBuildFile; fileRef = E5CCAB3A1D985463003BC135 /* Triangle3.swift */; };
		E5CCAB3D1D9858DF003BC135 /* Triangle2.swift in Sources */ = {isa = PBXBuildFile; fileRef = E5CCAB3C1D9858DF003BC135 /* Triangle2.swift */; };
		E5CCAB3F1D985998003BC135 /* Plane.swift in Sources */ = {isa = PBXBuildFile; fileRef = E5CCAB3E1D985998003BC135 /* Plane.swift */; };
		E5CCAB411D985BC5003BC135 /* Circle.swift in Sources */ = {isa = PBXBuildFile; fileRef = E5CCAB401D985BC5003BC135 /* Circle.swift */; };
		E5CCAB431D986147003BC135 /* Sphere.swift in Sources */ = {isa = PBXBuildFile; fileRef = E5CCAB421D986147003BC135 /* Sphere.swift */; };
		E5CCAB451D986500003BC135 /* Ray3.swift in Sources */ = {isa = PBXBuildFile; fileRef = E5CCAB441D986500003BC135 /* Ray3.swift */; };
		E5CCAB471D98660A003BC135 /* Angle.swift in Sources */ = {isa = PBXBuildFile; fileRef = E5CCAB461D98660A003BC135 /* Angle.swift */; };
/* End PBXBuildFile section */

/* Begin PBXContainerItemProxy section */
		E52F45901B121F4C004F7444 /* PBXContainerItemProxy */ = {
			isa = PBXContainerItemProxy;
			containerPortal = E52F457A1B121F4C004F7444 /* Project object */;
			proxyType = 1;
			remoteGlobalIDString = E52F45821B121F4C004F7444;
			remoteInfo = Swiftish;
		};
/* End PBXContainerItemProxy section */

/* Begin PBXFileReference section */
		E52F45831B121F4C004F7444 /* Swiftish.framework */ = {isa = PBXFileReference; explicitFileType = wrapper.framework; includeInIndex = 0; path = Swiftish.framework; sourceTree = BUILT_PRODUCTS_DIR; };
		E52F45871B121F4C004F7444 /* Info.plist */ = {isa = PBXFileReference; lastKnownFileType = text.plist.xml; path = Info.plist; sourceTree = "<group>"; };
		E52F45881B121F4C004F7444 /* Swiftish.h */ = {isa = PBXFileReference; lastKnownFileType = sourcecode.c.h; path = Swiftish.h; sourceTree = "<group>"; };
		E52F458E1B121F4C004F7444 /* SwiftishTests.xctest */ = {isa = PBXFileReference; explicitFileType = wrapper.cfbundle; includeInIndex = 0; path = SwiftishTests.xctest; sourceTree = BUILT_PRODUCTS_DIR; };
		E52F45941B121F4C004F7444 /* Info.plist */ = {isa = PBXFileReference; lastKnownFileType = text.plist.xml; path = Info.plist; sourceTree = "<group>"; };
		E52F45A11B121FD5004F7444 /* Vector2.swift */ = {isa = PBXFileReference; fileEncoding = 4; lastKnownFileType = sourcecode.swift; path = Vector2.swift; sourceTree = "<group>"; };
		E52F45AB1B1220D9004F7444 /* Vector2Tests.swift */ = {isa = PBXFileReference; fileEncoding = 4; lastKnownFileType = sourcecode.swift; path = Vector2Tests.swift; sourceTree = "<group>"; };
		E52F45AD1B125928004F7444 /* Vector3Tests.swift */ = {isa = PBXFileReference; fileEncoding = 4; lastKnownFileType = sourcecode.swift; path = Vector3Tests.swift; sourceTree = "<group>"; };
		E52F45AF1B125DFE004F7444 /* Vector4Tests.swift */ = {isa = PBXFileReference; fileEncoding = 4; lastKnownFileType = sourcecode.swift; path = Vector4Tests.swift; sourceTree = "<group>"; };
		E52FE2141DA1761600878C40 /* Frustum.swift */ = {isa = PBXFileReference; fileEncoding = 4; lastKnownFileType = sourcecode.swift; path = Frustum.swift; sourceTree = "<group>"; };
		E52FE2161DA1779900878C40 /* Intersection.swift */ = {isa = PBXFileReference; fileEncoding = 4; lastKnownFileType = sourcecode.swift; path = Intersection.swift; sourceTree = "<group>"; };
		E52FE2181DA1811100878C40 /* PerspectiveProjection.swift */ = {isa = PBXFileReference; fileEncoding = 4; lastKnownFileType = sourcecode.swift; path = PerspectiveProjection.swift; sourceTree = "<group>"; };
		E55C63CF1B139B4600E5D43E /* Matrix2Tests.swift */ = {isa = PBXFileReference; fileEncoding = 4; lastKnownFileType = sourcecode.swift; path = Matrix2Tests.swift; sourceTree = "<group>"; };
		E55C63D11B13A37A00E5D43E /* Matrix3Tests.swift */ = {isa = PBXFileReference; fileEncoding = 4; lastKnownFileType = sourcecode.swift; path = Matrix3Tests.swift; sourceTree = "<group>"; };
		E55C63D31B13A55D00E5D43E /* Matrix4Tests.swift */ = {isa = PBXFileReference; fileEncoding = 4; lastKnownFileType = sourcecode.swift; path = Matrix4Tests.swift; sourceTree = "<group>"; };
		E5CB1D7E1B1B8D0700A08B63 /* Quaternion.swift */ = {isa = PBXFileReference; fileEncoding = 4; lastKnownFileType = sourcecode.swift; path = Quaternion.swift; sourceTree = "<group>"; };
		E5CCAB131D96E1C0003BC135 /* Vectorable.swift */ = {isa = PBXFileReference; fileEncoding = 4; lastKnownFileType = sourcecode.swift; path = Vectorable.swift; sourceTree = "<group>"; };
		E5CCAB151D96E32E003BC135 /* Vector3.swift */ = {isa = PBXFileReference; fileEncoding = 4; lastKnownFileType = sourcecode.swift; path = Vector3.swift; sourceTree = "<group>"; };
		E5CCAB171D96E3BA003BC135 /* Vector4.swift */ = {isa = PBXFileReference; fileEncoding = 4; lastKnownFileType = sourcecode.swift; path = Vector4.swift; sourceTree = "<group>"; };
		E5CCAB191D96E8AA003BC135 /* Color.swift */ = {isa = PBXFileReference; fileEncoding = 4; lastKnownFileType = sourcecode.swift; path = Color.swift; sourceTree = "<group>"; };
		E5CCAB1B1D96E929003BC135 /* TexCoord.swift */ = {isa = PBXFileReference; fileEncoding = 4; lastKnownFileType = sourcecode.swift; path = TexCoord.swift; sourceTree = "<group>"; };
		E5CCAB1E1D96FDBC003BC135 /* Matrix2x2.swift */ = {isa = PBXFileReference; fileEncoding = 4; lastKnownFileType = sourcecode.swift; path = Matrix2x2.swift; sourceTree = "<group>"; };
		E5CCAB201D96FDC9003BC135 /* Matrix3x3.swift */ = {isa = PBXFileReference; fileEncoding = 4; lastKnownFileType = sourcecode.swift; path = Matrix3x3.swift; sourceTree = "<group>"; };
		E5CCAB221D96FDD4003BC135 /* Matrix4x4.swift */ = {isa = PBXFileReference; fileEncoding = 4; lastKnownFileType = sourcecode.swift; path = Matrix4x4.swift; sourceTree = "<group>"; };
		E5CCAB241D970142003BC135 /* Size.swift */ = {isa = PBXFileReference; fileEncoding = 4; lastKnownFileType = sourcecode.swift; path = Size.swift; sourceTree = "<group>"; };
		E5CCAB261D970239003BC135 /* Bounds2.swift */ = {isa = PBXFileReference; fileEncoding = 4; lastKnownFileType = sourcecode.swift; path = Bounds2.swift; sourceTree = "<group>"; };
		E5CCAB2E1D9719D0003BC135 /* Bounds3.swift */ = {isa = PBXFileReference; fileEncoding = 4; lastKnownFileType = sourcecode.swift; path = Bounds3.swift; sourceTree = "<group>"; };
		E5CCAB301D971E1F003BC135 /* Region2.swift */ = {isa = PBXFileReference; fileEncoding = 4; lastKnownFileType = sourcecode.swift; path = Region2.swift; sourceTree = "<group>"; };
		E5CCAB321D971F6C003BC135 /* Region3.swift */ = {isa = PBXFileReference; fileEncoding = 4; lastKnownFileType = sourcecode.swift; path = Region3.swift; sourceTree = "<group>"; };
		E5CCAB381D983099003BC135 /* Transform3.swift */ = {isa = PBXFileReference; fileEncoding = 4; lastKnownFileType = sourcecode.swift; path = Transform3.swift; sourceTree = "<group>"; };
		E5CCAB3A1D985463003BC135 /* Triangle3.swift */ = {isa = PBXFileReference; fileEncoding = 4; lastKnownFileType = sourcecode.swift; path = Triangle3.swift; sourceTree = "<group>"; };
		E5CCAB3C1D9858DF003BC135 /* Triangle2.swift */ = {isa = PBXFileReference; fileEncoding = 4; lastKnownFileType = sourcecode.swift; path = Triangle2.swift; sourceTree = "<group>"; };
		E5CCAB3E1D985998003BC135 /* Plane.swift */ = {isa = PBXFileReference; fileEncoding = 4; lastKnownFileType = sourcecode.swift; path = Plane.swift; sourceTree = "<group>"; };
		E5CCAB401D985BC5003BC135 /* Circle.swift */ = {isa = PBXFileReference; fileEncoding = 4; lastKnownFileType = sourcecode.swift; path = Circle.swift; sourceTree = "<group>"; };
		E5CCAB421D986147003BC135 /* Sphere.swift */ = {isa = PBXFileReference; fileEncoding = 4; lastKnownFileType = sourcecode.swift; path = Sphere.swift; sourceTree = "<group>"; };
		E5CCAB441D986500003BC135 /* Ray3.swift */ = {isa = PBXFileReference; fileEncoding = 4; lastKnownFileType = sourcecode.swift; path = Ray3.swift; sourceTree = "<group>"; };
		E5CCAB461D98660A003BC135 /* Angle.swift */ = {isa = PBXFileReference; fileEncoding = 4; lastKnownFileType = sourcecode.swift; path = Angle.swift; sourceTree = "<group>"; };
/* End PBXFileReference section */

/* Begin PBXFrameworksBuildPhase section */
		E52F457F1B121F4C004F7444 /* Frameworks */ = {
			isa = PBXFrameworksBuildPhase;
			buildActionMask = 2147483647;
			files = (
			);
			runOnlyForDeploymentPostprocessing = 0;
		};
		E52F458B1B121F4C004F7444 /* Frameworks */ = {
			isa = PBXFrameworksBuildPhase;
			buildActionMask = 2147483647;
			files = (
				E52F458F1B121F4C004F7444 /* Swiftish.framework in Frameworks */,
			);
			runOnlyForDeploymentPostprocessing = 0;
		};
/* End PBXFrameworksBuildPhase section */

/* Begin PBXGroup section */
		E52F45791B121F4C004F7444 = {
			isa = PBXGroup;
			children = (
				E52F45851B121F4C004F7444 /* Swiftish */,
				E52F45921B121F4C004F7444 /* SwiftishTests */,
				E52F45841B121F4C004F7444 /* Products */,
			);
			sourceTree = "<group>";
		};
		E52F45841B121F4C004F7444 /* Products */ = {
			isa = PBXGroup;
			children = (
				E52F45831B121F4C004F7444 /* Swiftish.framework */,
				E52F458E1B121F4C004F7444 /* SwiftishTests.xctest */,
			);
			name = Products;
			sourceTree = "<group>";
		};
		E52F45851B121F4C004F7444 /* Swiftish */ = {
			isa = PBXGroup;
			children = (
				E5CCAB461D98660A003BC135 /* Angle.swift */,
				E5CCAB131D96E1C0003BC135 /* Vectorable.swift */,
				E5CCAB1E1D96FDBC003BC135 /* Matrix2x2.swift */,
				E5CCAB201D96FDC9003BC135 /* Matrix3x3.swift */,
				E5CCAB221D96FDD4003BC135 /* Matrix4x4.swift */,
				E52F45A11B121FD5004F7444 /* Vector2.swift */,
				E5CCAB151D96E32E003BC135 /* Vector3.swift */,
				E5CCAB171D96E3BA003BC135 /* Vector4.swift */,
				E5CCAB1B1D96E929003BC135 /* TexCoord.swift */,
				E5CCAB191D96E8AA003BC135 /* Color.swift */,
				E5CCAB241D970142003BC135 /* Size.swift */,
				E5CB1D7E1B1B8D0700A08B63 /* Quaternion.swift */,
				E5CCAB261D970239003BC135 /* Bounds2.swift */,
				E5CCAB2E1D9719D0003BC135 /* Bounds3.swift */,
				E5CCAB301D971E1F003BC135 /* Region2.swift */,
				E5CCAB321D971F6C003BC135 /* Region3.swift */,
				E5CCAB381D983099003BC135 /* Transform3.swift */,
				E5CCAB3C1D9858DF003BC135 /* Triangle2.swift */,
				E5CCAB3A1D985463003BC135 /* Triangle3.swift */,
				E5CCAB3E1D985998003BC135 /* Plane.swift */,
				E5CCAB401D985BC5003BC135 /* Circle.swift */,
				E5CCAB421D986147003BC135 /* Sphere.swift */,
				E5CCAB441D986500003BC135 /* Ray3.swift */,
				E52FE2141DA1761600878C40 /* Frustum.swift */,
				E52FE2161DA1779900878C40 /* Intersection.swift */,
				E52FE2181DA1811100878C40 /* PerspectiveProjection.swift */,
				E52F45881B121F4C004F7444 /* Swiftish.h */,
				E52F45861B121F4C004F7444 /* Supporting Files */,
			);
			path = Swiftish;
			sourceTree = "<group>";
		};
		E52F45861B121F4C004F7444 /* Supporting Files */ = {
			isa = PBXGroup;
			children = (
				E52F45871B121F4C004F7444 /* Info.plist */,
			);
			name = "Supporting Files";
			sourceTree = "<group>";
		};
		E52F45921B121F4C004F7444 /* SwiftishTests */ = {
			isa = PBXGroup;
			children = (
				E55C63CF1B139B4600E5D43E /* Matrix2Tests.swift */,
				E55C63D11B13A37A00E5D43E /* Matrix3Tests.swift */,
				E55C63D31B13A55D00E5D43E /* Matrix4Tests.swift */,
				E52F45AB1B1220D9004F7444 /* Vector2Tests.swift */,
				E52F45AD1B125928004F7444 /* Vector3Tests.swift */,
				E52F45AF1B125DFE004F7444 /* Vector4Tests.swift */,
				E52F45931B121F4C004F7444 /* Supporting Files */,
			);
			path = SwiftishTests;
			sourceTree = "<group>";
		};
		E52F45931B121F4C004F7444 /* Supporting Files */ = {
			isa = PBXGroup;
			children = (
				E52F45941B121F4C004F7444 /* Info.plist */,
			);
			name = "Supporting Files";
			sourceTree = "<group>";
		};
/* End PBXGroup section */

/* Begin PBXHeadersBuildPhase section */
		E52F45801B121F4C004F7444 /* Headers */ = {
			isa = PBXHeadersBuildPhase;
			buildActionMask = 2147483647;
			files = (
				E52F45891B121F4C004F7444 /* Swiftish.h in Headers */,
			);
			runOnlyForDeploymentPostprocessing = 0;
		};
/* End PBXHeadersBuildPhase section */

/* Begin PBXNativeTarget section */
		E52F45821B121F4C004F7444 /* Swiftish */ = {
			isa = PBXNativeTarget;
			buildConfigurationList = E52F45991B121F4C004F7444 /* Build configuration list for PBXNativeTarget "Swiftish" */;
			buildPhases = (
				E52F457E1B121F4C004F7444 /* Sources */,
				E52F457F1B121F4C004F7444 /* Frameworks */,
				E52F45801B121F4C004F7444 /* Headers */,
				E52F45811B121F4C004F7444 /* Resources */,
			);
			buildRules = (
			);
			dependencies = (
			);
			name = Swiftish;
			productName = Swiftish;
			productReference = E52F45831B121F4C004F7444 /* Swiftish.framework */;
			productType = "com.apple.product-type.framework";
		};
		E52F458D1B121F4C004F7444 /* SwiftishTests */ = {
			isa = PBXNativeTarget;
			buildConfigurationList = E52F459C1B121F4C004F7444 /* Build configuration list for PBXNativeTarget "SwiftishTests" */;
			buildPhases = (
				E52F458A1B121F4C004F7444 /* Sources */,
				E52F458B1B121F4C004F7444 /* Frameworks */,
				E52F458C1B121F4C004F7444 /* Resources */,
			);
			buildRules = (
			);
			dependencies = (
				E52F45911B121F4C004F7444 /* PBXTargetDependency */,
			);
			name = SwiftishTests;
			productName = SwiftishTests;
			productReference = E52F458E1B121F4C004F7444 /* SwiftishTests.xctest */;
			productType = "com.apple.product-type.bundle.unit-test";
		};
/* End PBXNativeTarget section */

/* Begin PBXProject section */
		E52F457A1B121F4C004F7444 /* Project object */ = {
			isa = PBXProject;
			attributes = {
				LastUpgradeCheck = 0800;
				ORGANIZATIONNAME = "Justin Kolb";
				TargetAttributes = {
					E52F45821B121F4C004F7444 = {
						CreatedOnToolsVersion = 6.4;
						LastSwiftMigration = 0800;
					};
					E52F458D1B121F4C004F7444 = {
						CreatedOnToolsVersion = 6.4;
						LastSwiftMigration = 0800;
					};
				};
			};
			buildConfigurationList = E52F457D1B121F4C004F7444 /* Build configuration list for PBXProject "Swiftish" */;
			compatibilityVersion = "Xcode 3.2";
			developmentRegion = English;
			hasScannedForEncodings = 0;
			knownRegions = (
				en,
			);
			mainGroup = E52F45791B121F4C004F7444;
			productRefGroup = E52F45841B121F4C004F7444 /* Products */;
			projectDirPath = "";
			projectRoot = "";
			targets = (
				E52F45821B121F4C004F7444 /* Swiftish */,
				E52F458D1B121F4C004F7444 /* SwiftishTests */,
			);
		};
/* End PBXProject section */

/* Begin PBXResourcesBuildPhase section */
		E52F45811B121F4C004F7444 /* Resources */ = {
			isa = PBXResourcesBuildPhase;
			buildActionMask = 2147483647;
			files = (
			);
			runOnlyForDeploymentPostprocessing = 0;
		};
		E52F458C1B121F4C004F7444 /* Resources */ = {
			isa = PBXResourcesBuildPhase;
			buildActionMask = 2147483647;
			files = (
			);
			runOnlyForDeploymentPostprocessing = 0;
		};
/* End PBXResourcesBuildPhase section */

/* Begin PBXSourcesBuildPhase section */
		E52F457E1B121F4C004F7444 /* Sources */ = {
			isa = PBXSourcesBuildPhase;
			buildActionMask = 2147483647;
			files = (
				E5CCAB251D970142003BC135 /* Size.swift in Sources */,
				E5CCAB141D96E1C0003BC135 /* Vectorable.swift in Sources */,
				E5CCAB1A1D96E8AA003BC135 /* Color.swift in Sources */,
				E52FE2171DA1779900878C40 /* Intersection.swift in Sources */,
				E5CCAB2F1D9719D0003BC135 /* Bounds3.swift in Sources */,
				E5CCAB271D970239003BC135 /* Bounds2.swift in Sources */,
				E5CCAB411D985BC5003BC135 /* Circle.swift in Sources */,
				E5CCAB451D986500003BC135 /* Ray3.swift in Sources */,
				E5CCAB3F1D985998003BC135 /* Plane.swift in Sources */,
				E5CCAB161D96E32E003BC135 /* Vector3.swift in Sources */,
				E5CCAB1F1D96FDBC003BC135 /* Matrix2x2.swift in Sources */,
				E5CCAB341D977650003BC135 /* Matrix4x4.swift in Sources */,
				E5CCAB331D971F6C003BC135 /* Region3.swift in Sources */,
				E52FE2191DA1811100878C40 /* PerspectiveProjection.swift in Sources */,
				E5CCAB0F1D96C8F1003BC135 /* Vector2.swift in Sources */,
				E5CCAB391D983099003BC135 /* Transform3.swift in Sources */,
				E52FE2151DA1761600878C40 /* Frustum.swift in Sources */,
				E5CCAB311D971E1F003BC135 /* Region2.swift in Sources */,
				E5CCAB431D986147003BC135 /* Sphere.swift in Sources */,
				E5CCAB3D1D9858DF003BC135 /* Triangle2.swift in Sources */,
				E5CCAB1D1D96F2E1003BC135 /* Quaternion.swift in Sources */,
				E5CCAB181D96E3BA003BC135 /* Vector4.swift in Sources */,
				E5CCAB1C1D96E929003BC135 /* TexCoord.swift in Sources */,
				E5CCAB471D98660A003BC135 /* Angle.swift in Sources */,
				E5CCAB211D96FDC9003BC135 /* Matrix3x3.swift in Sources */,
				E5CCAB3B1D985463003BC135 /* Triangle3.swift in Sources */,
			);
			runOnlyForDeploymentPostprocessing = 0;
		};
		E52F458A1B121F4C004F7444 /* Sources */ = {
			isa = PBXSourcesBuildPhase;
			buildActionMask = 2147483647;
			files = (
				E5CCAB111D96CD20003BC135 /* Vector3Tests.swift in Sources */,
				E5CCAB371D982F36003BC135 /* Matrix4Tests.swift in Sources */,
				E5CCAB101D96CCE4003BC135 /* Vector2Tests.swift in Sources */,
				E5CCAB361D982EF4003BC135 /* Matrix3Tests.swift in Sources */,
				E5CCAB121D96CD25003BC135 /* Vector4Tests.swift in Sources */,
				E5CCAB351D982AB4003BC135 /* Matrix2Tests.swift in Sources */,
			);
			runOnlyForDeploymentPostprocessing = 0;
		};
/* End PBXSourcesBuildPhase section */

/* Begin PBXTargetDependency section */
		E52F45911B121F4C004F7444 /* PBXTargetDependency */ = {
			isa = PBXTargetDependency;
			target = E52F45821B121F4C004F7444 /* Swiftish */;
			targetProxy = E52F45901B121F4C004F7444 /* PBXContainerItemProxy */;
		};
/* End PBXTargetDependency section */

/* Begin XCBuildConfiguration section */
		E52F45971B121F4C004F7444 /* Debug */ = {
			isa = XCBuildConfiguration;
			buildSettings = {
				ALWAYS_SEARCH_USER_PATHS = NO;
				CLANG_CXX_LANGUAGE_STANDARD = "gnu++0x";
				CLANG_CXX_LIBRARY = "libc++";
				CLANG_ENABLE_MODULES = YES;
				CLANG_ENABLE_OBJC_ARC = YES;
				CLANG_WARN_BOOL_CONVERSION = YES;
				CLANG_WARN_CONSTANT_CONVERSION = YES;
				CLANG_WARN_DIRECT_OBJC_ISA_USAGE = YES_ERROR;
				CLANG_WARN_EMPTY_BODY = YES;
				CLANG_WARN_ENUM_CONVERSION = YES;
				CLANG_WARN_INFINITE_RECURSION = YES;
				CLANG_WARN_INT_CONVERSION = YES;
				CLANG_WARN_OBJC_ROOT_CLASS = YES_ERROR;
				CLANG_WARN_SUSPICIOUS_MOVE = YES;
				CLANG_WARN_UNREACHABLE_CODE = YES;
				CLANG_WARN__DUPLICATE_METHOD_MATCH = YES;
				COPY_PHASE_STRIP = NO;
				CURRENT_PROJECT_VERSION = 1;
				DEBUG_INFORMATION_FORMAT = dwarf;
				ENABLE_STRICT_OBJC_MSGSEND = YES;
				ENABLE_TESTABILITY = YES;
				GCC_C_LANGUAGE_STANDARD = gnu99;
				GCC_DYNAMIC_NO_PIC = NO;
				GCC_NO_COMMON_BLOCKS = YES;
				GCC_OPTIMIZATION_LEVEL = 0;
				GCC_PREPROCESSOR_DEFINITIONS = (
					"DEBUG=1",
					"$(inherited)",
				);
				GCC_SYMBOLS_PRIVATE_EXTERN = NO;
				GCC_WARN_64_TO_32_BIT_CONVERSION = YES;
				GCC_WARN_ABOUT_RETURN_TYPE = YES_ERROR;
				GCC_WARN_UNDECLARED_SELECTOR = YES;
				GCC_WARN_UNINITIALIZED_AUTOS = YES_AGGRESSIVE;
				GCC_WARN_UNUSED_FUNCTION = YES;
				GCC_WARN_UNUSED_VARIABLE = YES;
				MACOSX_DEPLOYMENT_TARGET = 10.10;
				MTL_ENABLE_DEBUG_INFO = YES;
				ONLY_ACTIVE_ARCH = YES;
				SDKROOT = macosx;
				SWIFT_OPTIMIZATION_LEVEL = "-Owholemodule";
				VERSIONING_SYSTEM = "apple-generic";
				VERSION_INFO_PREFIX = "";
			};
			name = Debug;
		};
		E52F45981B121F4C004F7444 /* Release */ = {
			isa = XCBuildConfiguration;
			buildSettings = {
				ALWAYS_SEARCH_USER_PATHS = NO;
				CLANG_CXX_LANGUAGE_STANDARD = "gnu++0x";
				CLANG_CXX_LIBRARY = "libc++";
				CLANG_ENABLE_MODULES = YES;
				CLANG_ENABLE_OBJC_ARC = YES;
				CLANG_WARN_BOOL_CONVERSION = YES;
				CLANG_WARN_CONSTANT_CONVERSION = YES;
				CLANG_WARN_DIRECT_OBJC_ISA_USAGE = YES_ERROR;
				CLANG_WARN_EMPTY_BODY = YES;
				CLANG_WARN_ENUM_CONVERSION = YES;
				CLANG_WARN_INFINITE_RECURSION = YES;
				CLANG_WARN_INT_CONVERSION = YES;
				CLANG_WARN_OBJC_ROOT_CLASS = YES_ERROR;
				CLANG_WARN_SUSPICIOUS_MOVE = YES;
				CLANG_WARN_UNREACHABLE_CODE = YES;
				CLANG_WARN__DUPLICATE_METHOD_MATCH = YES;
				COPY_PHASE_STRIP = NO;
				CURRENT_PROJECT_VERSION = 1;
				DEBUG_INFORMATION_FORMAT = "dwarf-with-dsym";
				ENABLE_NS_ASSERTIONS = NO;
				ENABLE_STRICT_OBJC_MSGSEND = YES;
				GCC_C_LANGUAGE_STANDARD = gnu99;
				GCC_NO_COMMON_BLOCKS = YES;
				GCC_WARN_64_TO_32_BIT_CONVERSION = YES;
				GCC_WARN_ABOUT_RETURN_TYPE = YES_ERROR;
				GCC_WARN_UNDECLARED_SELECTOR = YES;
				GCC_WARN_UNINITIALIZED_AUTOS = YES_AGGRESSIVE;
				GCC_WARN_UNUSED_FUNCTION = YES;
				GCC_WARN_UNUSED_VARIABLE = YES;
				MACOSX_DEPLOYMENT_TARGET = 10.10;
				MTL_ENABLE_DEBUG_INFO = NO;
				SDKROOT = macosx;
				SWIFT_OPTIMIZATION_LEVEL = "-Owholemodule";
				VERSIONING_SYSTEM = "apple-generic";
				VERSION_INFO_PREFIX = "";
			};
			name = Release;
		};
		E52F459A1B121F4C004F7444 /* Debug */ = {
			isa = XCBuildConfiguration;
			buildSettings = {
				COMBINE_HIDPI_IMAGES = YES;
				DEFINES_MODULE = YES;
				DYLIB_COMPATIBILITY_VERSION = 1;
				DYLIB_CURRENT_VERSION = 1;
				DYLIB_INSTALL_NAME_BASE = "@rpath";
				FRAMEWORK_VERSION = A;
				INFOPLIST_FILE = Swiftish/Info.plist;
				INSTALL_PATH = "$(LOCAL_LIBRARY_DIR)/Frameworks";
				LD_RUNPATH_SEARCH_PATHS = "$(inherited) @executable_path/../Frameworks @loader_path/Frameworks";
				PRODUCT_BUNDLE_IDENTIFIER = "net.franticapparatus.$(PRODUCT_NAME:rfc1034identifier)";
				PRODUCT_NAME = "$(TARGET_NAME)";
				SKIP_INSTALL = YES;
				SWIFT_VERSION = 3.0;
			};
			name = Debug;
		};
		E52F459B1B121F4C004F7444 /* Release */ = {
			isa = XCBuildConfiguration;
			buildSettings = {
				COMBINE_HIDPI_IMAGES = YES;
				DEFINES_MODULE = YES;
				DYLIB_COMPATIBILITY_VERSION = 1;
				DYLIB_CURRENT_VERSION = 1;
				DYLIB_INSTALL_NAME_BASE = "@rpath";
				FRAMEWORK_VERSION = A;
				INFOPLIST_FILE = Swiftish/Info.plist;
				INSTALL_PATH = "$(LOCAL_LIBRARY_DIR)/Frameworks";
				LD_RUNPATH_SEARCH_PATHS = "$(inherited) @executable_path/../Frameworks @loader_path/Frameworks";
				PRODUCT_BUNDLE_IDENTIFIER = "net.franticapparatus.$(PRODUCT_NAME:rfc1034identifier)";
				PRODUCT_NAME = "$(TARGET_NAME)";
				SKIP_INSTALL = YES;
				SWIFT_VERSION = 3.0;
			};
			name = Release;
		};
		E52F459D1B121F4C004F7444 /* Debug */ = {
			isa = XCBuildConfiguration;
			buildSettings = {
				COMBINE_HIDPI_IMAGES = YES;
				FRAMEWORK_SEARCH_PATHS = (
					"$(DEVELOPER_FRAMEWORKS_DIR)",
					"$(inherited)",
				);
				GCC_PREPROCESSOR_DEFINITIONS = (
					"DEBUG=1",
					"$(inherited)",
				);
				INFOPLIST_FILE = SwiftishTests/Info.plist;
				LD_RUNPATH_SEARCH_PATHS = "$(inherited) @executable_path/../Frameworks @loader_path/../Frameworks";
				PRODUCT_BUNDLE_IDENTIFIER = "net.franticapparatus.$(PRODUCT_NAME:rfc1034identifier)";
				PRODUCT_NAME = "$(TARGET_NAME)";
				SWIFT_VERSION = 3.0;
			};
			name = Debug;
		};
		E52F459E1B121F4C004F7444 /* Release */ = {
			isa = XCBuildConfiguration;
			buildSettings = {
				COMBINE_HIDPI_IMAGES = YES;
				FRAMEWORK_SEARCH_PATHS = (
					"$(DEVELOPER_FRAMEWORKS_DIR)",
					"$(inherited)",
				);
				INFOPLIST_FILE = SwiftishTests/Info.plist;
				LD_RUNPATH_SEARCH_PATHS = "$(inherited) @executable_path/../Frameworks @loader_path/../Frameworks";
				PRODUCT_BUNDLE_IDENTIFIER = "net.franticapparatus.$(PRODUCT_NAME:rfc1034identifier)";
				PRODUCT_NAME = "$(TARGET_NAME)";
				SWIFT_VERSION = 3.0;
			};
			name = Release;
		};
/* End XCBuildConfiguration section */

/* Begin XCConfigurationList section */
		E52F457D1B121F4C004F7444 /* Build configuration list for PBXProject "Swiftish" */ = {
			isa = XCConfigurationList;
			buildConfigurations = (
				E52F45971B121F4C004F7444 /* Debug */,
				E52F45981B121F4C004F7444 /* Release */,
			);
			defaultConfigurationIsVisible = 0;
			defaultConfigurationName = Release;
		};
		E52F45991B121F4C004F7444 /* Build configuration list for PBXNativeTarget "Swiftish" */ = {
			isa = XCConfigurationList;
			buildConfigurations = (
				E52F459A1B121F4C004F7444 /* Debug */,
				E52F459B1B121F4C004F7444 /* Release */,
			);
			defaultConfigurationIsVisible = 0;
			defaultConfigurationName = Release;
		};
		E52F459C1B121F4C004F7444 /* Build configuration list for PBXNativeTarget "SwiftishTests" */ = {
			isa = XCConfigurationList;
			buildConfigurations = (
				E52F459D1B121F4C004F7444 /* Debug */,
				E52F459E1B121F4C004F7444 /* Release */,
			);
			defaultConfigurationIsVisible = 0;
			defaultConfigurationName = Release;
		};
/* End XCConfigurationList section */
	};
	rootObject = E52F457A1B121F4C004F7444 /* Project object */;
}
