// !$*UTF8*$!
{
	archiveVersion = 1;
	classes = {
	};
	objectVersion = 46;
	objects = {

/* Begin PBXBuildFile section */
		E5F052F01DA194BA0061A18D /* README.md in Sources */ = {isa = PBXBuildFile; fileRef = E5F052EF1DA194BA0061A18D /* README.md */; };
		_LinkFileRef_Swiftish_via_SwiftishTests /* Swiftish.framework in Frameworks */ = {isa = PBXBuildFile; fileRef = "_____Product_Swiftish" /* Swiftish.framework */; };
		__src_cc_ref_Sources/Angle.swift /* Angle.swift in Sources */ = {isa = PBXBuildFile; fileRef = __PBXFileRef_Sources/Angle.swift /* Angle.swift */; };
		__src_cc_ref_Sources/Bounds2.swift /* Bounds2.swift in Sources */ = {isa = PBXBuildFile; fileRef = __PBXFileRef_Sources/Bounds2.swift /* Bounds2.swift */; };
		__src_cc_ref_Sources/Bounds3.swift /* Bounds3.swift in Sources */ = {isa = PBXBuildFile; fileRef = __PBXFileRef_Sources/Bounds3.swift /* Bounds3.swift */; };
		__src_cc_ref_Sources/Circle.swift /* Circle.swift in Sources */ = {isa = PBXBuildFile; fileRef = __PBXFileRef_Sources/Circle.swift /* Circle.swift */; };
		__src_cc_ref_Sources/Color.swift /* Color.swift in Sources */ = {isa = PBXBuildFile; fileRef = __PBXFileRef_Sources/Color.swift /* Color.swift */; };
		__src_cc_ref_Sources/Frustum.swift /* Frustum.swift in Sources */ = {isa = PBXBuildFile; fileRef = __PBXFileRef_Sources/Frustum.swift /* Frustum.swift */; };
		__src_cc_ref_Sources/Intersection.swift /* Intersection.swift in Sources */ = {isa = PBXBuildFile; fileRef = __PBXFileRef_Sources/Intersection.swift /* Intersection.swift */; };
		__src_cc_ref_Sources/Matrix2x2.swift /* Matrix2x2.swift in Sources */ = {isa = PBXBuildFile; fileRef = __PBXFileRef_Sources/Matrix2x2.swift /* Matrix2x2.swift */; };
		__src_cc_ref_Sources/Matrix3x3.swift /* Matrix3x3.swift in Sources */ = {isa = PBXBuildFile; fileRef = __PBXFileRef_Sources/Matrix3x3.swift /* Matrix3x3.swift */; };
		__src_cc_ref_Sources/Matrix4x4.swift /* Matrix4x4.swift in Sources */ = {isa = PBXBuildFile; fileRef = __PBXFileRef_Sources/Matrix4x4.swift /* Matrix4x4.swift */; };
		__src_cc_ref_Sources/PerspectiveProjection.swift /* PerspectiveProjection.swift in Sources */ = {isa = PBXBuildFile; fileRef = __PBXFileRef_Sources/PerspectiveProjection.swift /* PerspectiveProjection.swift */; };
		__src_cc_ref_Sources/Plane.swift /* Plane.swift in Sources */ = {isa = PBXBuildFile; fileRef = __PBXFileRef_Sources/Plane.swift /* Plane.swift */; };
		__src_cc_ref_Sources/Quaternion.swift /* Quaternion.swift in Sources */ = {isa = PBXBuildFile; fileRef = __PBXFileRef_Sources/Quaternion.swift /* Quaternion.swift */; };
		__src_cc_ref_Sources/Ray3.swift /* Ray3.swift in Sources */ = {isa = PBXBuildFile; fileRef = __PBXFileRef_Sources/Ray3.swift /* Ray3.swift */; };
		__src_cc_ref_Sources/Region2.swift /* Region2.swift in Sources */ = {isa = PBXBuildFile; fileRef = __PBXFileRef_Sources/Region2.swift /* Region2.swift */; };
		__src_cc_ref_Sources/Region3.swift /* Region3.swift in Sources */ = {isa = PBXBuildFile; fileRef = __PBXFileRef_Sources/Region3.swift /* Region3.swift */; };
		__src_cc_ref_Sources/Size.swift /* Size.swift in Sources */ = {isa = PBXBuildFile; fileRef = __PBXFileRef_Sources/Size.swift /* Size.swift */; };
		__src_cc_ref_Sources/Sphere.swift /* Sphere.swift in Sources */ = {isa = PBXBuildFile; fileRef = __PBXFileRef_Sources/Sphere.swift /* Sphere.swift */; };
		__src_cc_ref_Sources/TexCoord.swift /* TexCoord.swift in Sources */ = {isa = PBXBuildFile; fileRef = __PBXFileRef_Sources/TexCoord.swift /* TexCoord.swift */; };
		__src_cc_ref_Sources/Transform3.swift /* Transform3.swift in Sources */ = {isa = PBXBuildFile; fileRef = __PBXFileRef_Sources/Transform3.swift /* Transform3.swift */; };
		__src_cc_ref_Sources/Triangle2.swift /* Triangle2.swift in Sources */ = {isa = PBXBuildFile; fileRef = __PBXFileRef_Sources/Triangle2.swift /* Triangle2.swift */; };
		__src_cc_ref_Sources/Triangle3.swift /* Triangle3.swift in Sources */ = {isa = PBXBuildFile; fileRef = __PBXFileRef_Sources/Triangle3.swift /* Triangle3.swift */; };
		__src_cc_ref_Sources/Vector2.swift /* Vector2.swift in Sources */ = {isa = PBXBuildFile; fileRef = __PBXFileRef_Sources/Vector2.swift /* Vector2.swift */; };
		__src_cc_ref_Sources/Vector3.swift /* Vector3.swift in Sources */ = {isa = PBXBuildFile; fileRef = __PBXFileRef_Sources/Vector3.swift /* Vector3.swift */; };
		__src_cc_ref_Sources/Vector4.swift /* Vector4.swift in Sources */ = {isa = PBXBuildFile; fileRef = __PBXFileRef_Sources/Vector4.swift /* Vector4.swift */; };
		__src_cc_ref_Sources/Vectorable.swift /* Vectorable.swift in Sources */ = {isa = PBXBuildFile; fileRef = __PBXFileRef_Sources/Vectorable.swift /* Vectorable.swift */; };
		__src_cc_ref_Tests/SwiftishTests/Matrix2Tests.swift /* Matrix2Tests.swift in Sources */ = {isa = PBXBuildFile; fileRef = __PBXFileRef_Tests/SwiftishTests/Matrix2Tests.swift /* Matrix2Tests.swift */; };
		__src_cc_ref_Tests/SwiftishTests/Matrix3Tests.swift /* Matrix3Tests.swift in Sources */ = {isa = PBXBuildFile; fileRef = __PBXFileRef_Tests/SwiftishTests/Matrix3Tests.swift /* Matrix3Tests.swift */; };
		__src_cc_ref_Tests/SwiftishTests/Matrix4Tests.swift /* Matrix4Tests.swift in Sources */ = {isa = PBXBuildFile; fileRef = __PBXFileRef_Tests/SwiftishTests/Matrix4Tests.swift /* Matrix4Tests.swift */; };
		__src_cc_ref_Tests/SwiftishTests/Vector2Tests.swift /* Vector2Tests.swift in Sources */ = {isa = PBXBuildFile; fileRef = __PBXFileRef_Tests/SwiftishTests/Vector2Tests.swift /* Vector2Tests.swift */; };
		__src_cc_ref_Tests/SwiftishTests/Vector3Tests.swift /* Vector3Tests.swift in Sources */ = {isa = PBXBuildFile; fileRef = __PBXFileRef_Tests/SwiftishTests/Vector3Tests.swift /* Vector3Tests.swift */; };
		__src_cc_ref_Tests/SwiftishTests/Vector4Tests.swift /* Vector4Tests.swift in Sources */ = {isa = PBXBuildFile; fileRef = __PBXFileRef_Tests/SwiftishTests/Vector4Tests.swift /* Vector4Tests.swift */; };
/* End PBXBuildFile section */

/* Begin PBXContainerItemProxy section */
		E5F052ED1DA194450061A18D /* PBXContainerItemProxy */ = {
			isa = PBXContainerItemProxy;
			containerPortal = __RootObject_ /* Project object */;
			proxyType = 1;
			remoteGlobalIDString = "______Target_Swiftish";
			remoteInfo = Swiftish;
		};
/* End PBXContainerItemProxy section */

/* Begin PBXFileReference section */
		E5F052EE1DA194BA0061A18D /* LICENSE */ = {isa = PBXFileReference; fileEncoding = 4; lastKnownFileType = text; path = LICENSE; sourceTree = "<group>"; };
		E5F052EF1DA194BA0061A18D /* README.md */ = {isa = PBXFileReference; fileEncoding = 4; lastKnownFileType = net.daringfireball.markdown; path = README.md; sourceTree = "<group>"; };
		__PBXFileRef_Package.swift /* Package.swift */ = {isa = PBXFileReference; lastKnownFileType = sourcecode.swift; path = Package.swift; sourceTree = "<group>"; };
		__PBXFileRef_Sources/Angle.swift /* Angle.swift */ = {isa = PBXFileReference; lastKnownFileType = sourcecode.swift; path = Angle.swift; sourceTree = "<group>"; };
		__PBXFileRef_Sources/Bounds2.swift /* Bounds2.swift */ = {isa = PBXFileReference; lastKnownFileType = sourcecode.swift; path = Bounds2.swift; sourceTree = "<group>"; };
		__PBXFileRef_Sources/Bounds3.swift /* Bounds3.swift */ = {isa = PBXFileReference; lastKnownFileType = sourcecode.swift; path = Bounds3.swift; sourceTree = "<group>"; };
		__PBXFileRef_Sources/Circle.swift /* Circle.swift */ = {isa = PBXFileReference; lastKnownFileType = sourcecode.swift; path = Circle.swift; sourceTree = "<group>"; };
		__PBXFileRef_Sources/Color.swift /* Color.swift */ = {isa = PBXFileReference; lastKnownFileType = sourcecode.swift; path = Color.swift; sourceTree = "<group>"; };
		__PBXFileRef_Sources/Frustum.swift /* Frustum.swift */ = {isa = PBXFileReference; lastKnownFileType = sourcecode.swift; path = Frustum.swift; sourceTree = "<group>"; };
		__PBXFileRef_Sources/Intersection.swift /* Intersection.swift */ = {isa = PBXFileReference; lastKnownFileType = sourcecode.swift; path = Intersection.swift; sourceTree = "<group>"; };
		__PBXFileRef_Sources/Matrix2x2.swift /* Matrix2x2.swift */ = {isa = PBXFileReference; lastKnownFileType = sourcecode.swift; path = Matrix2x2.swift; sourceTree = "<group>"; };
		__PBXFileRef_Sources/Matrix3x3.swift /* Matrix3x3.swift */ = {isa = PBXFileReference; lastKnownFileType = sourcecode.swift; path = Matrix3x3.swift; sourceTree = "<group>"; };
		__PBXFileRef_Sources/Matrix4x4.swift /* Matrix4x4.swift */ = {isa = PBXFileReference; lastKnownFileType = sourcecode.swift; path = Matrix4x4.swift; sourceTree = "<group>"; };
		__PBXFileRef_Sources/PerspectiveProjection.swift /* PerspectiveProjection.swift */ = {isa = PBXFileReference; lastKnownFileType = sourcecode.swift; path = PerspectiveProjection.swift; sourceTree = "<group>"; };
		__PBXFileRef_Sources/Plane.swift /* Plane.swift */ = {isa = PBXFileReference; lastKnownFileType = sourcecode.swift; path = Plane.swift; sourceTree = "<group>"; };
		__PBXFileRef_Sources/Quaternion.swift /* Quaternion.swift */ = {isa = PBXFileReference; lastKnownFileType = sourcecode.swift; path = Quaternion.swift; sourceTree = "<group>"; };
		__PBXFileRef_Sources/Ray3.swift /* Ray3.swift */ = {isa = PBXFileReference; lastKnownFileType = sourcecode.swift; path = Ray3.swift; sourceTree = "<group>"; };
		__PBXFileRef_Sources/Region2.swift /* Region2.swift */ = {isa = PBXFileReference; lastKnownFileType = sourcecode.swift; path = Region2.swift; sourceTree = "<group>"; };
		__PBXFileRef_Sources/Region3.swift /* Region3.swift */ = {isa = PBXFileReference; lastKnownFileType = sourcecode.swift; path = Region3.swift; sourceTree = "<group>"; };
		__PBXFileRef_Sources/Size.swift /* Size.swift */ = {isa = PBXFileReference; lastKnownFileType = sourcecode.swift; path = Size.swift; sourceTree = "<group>"; };
		__PBXFileRef_Sources/Sphere.swift /* Sphere.swift */ = {isa = PBXFileReference; lastKnownFileType = sourcecode.swift; path = Sphere.swift; sourceTree = "<group>"; };
		__PBXFileRef_Sources/TexCoord.swift /* TexCoord.swift */ = {isa = PBXFileReference; lastKnownFileType = sourcecode.swift; path = TexCoord.swift; sourceTree = "<group>"; };
		__PBXFileRef_Sources/Transform3.swift /* Transform3.swift */ = {isa = PBXFileReference; lastKnownFileType = sourcecode.swift; path = Transform3.swift; sourceTree = "<group>"; };
		__PBXFileRef_Sources/Triangle2.swift /* Triangle2.swift */ = {isa = PBXFileReference; lastKnownFileType = sourcecode.swift; path = Triangle2.swift; sourceTree = "<group>"; };
		__PBXFileRef_Sources/Triangle3.swift /* Triangle3.swift */ = {isa = PBXFileReference; lastKnownFileType = sourcecode.swift; path = Triangle3.swift; sourceTree = "<group>"; };
		__PBXFileRef_Sources/Vector2.swift /* Vector2.swift */ = {isa = PBXFileReference; lastKnownFileType = sourcecode.swift; path = Vector2.swift; sourceTree = "<group>"; };
		__PBXFileRef_Sources/Vector3.swift /* Vector3.swift */ = {isa = PBXFileReference; lastKnownFileType = sourcecode.swift; path = Vector3.swift; sourceTree = "<group>"; };
		__PBXFileRef_Sources/Vector4.swift /* Vector4.swift */ = {isa = PBXFileReference; lastKnownFileType = sourcecode.swift; path = Vector4.swift; sourceTree = "<group>"; };
		__PBXFileRef_Sources/Vectorable.swift /* Vectorable.swift */ = {isa = PBXFileReference; lastKnownFileType = sourcecode.swift; path = Vectorable.swift; sourceTree = "<group>"; };
		__PBXFileRef_Swiftish.xcodeproj/Configs/Project.xcconfig /* Swiftish.xcodeproj/Configs/Project.xcconfig */ = {isa = PBXFileReference; lastKnownFileType = text.xcconfig; path = Swiftish.xcodeproj/Configs/Project.xcconfig; sourceTree = "<group>"; };
		__PBXFileRef_Tests/SwiftishTests/Matrix2Tests.swift /* Matrix2Tests.swift */ = {isa = PBXFileReference; lastKnownFileType = sourcecode.swift; path = Matrix2Tests.swift; sourceTree = "<group>"; };
		__PBXFileRef_Tests/SwiftishTests/Matrix3Tests.swift /* Matrix3Tests.swift */ = {isa = PBXFileReference; lastKnownFileType = sourcecode.swift; path = Matrix3Tests.swift; sourceTree = "<group>"; };
		__PBXFileRef_Tests/SwiftishTests/Matrix4Tests.swift /* Matrix4Tests.swift */ = {isa = PBXFileReference; lastKnownFileType = sourcecode.swift; path = Matrix4Tests.swift; sourceTree = "<group>"; };
		__PBXFileRef_Tests/SwiftishTests/Vector2Tests.swift /* Vector2Tests.swift */ = {isa = PBXFileReference; lastKnownFileType = sourcecode.swift; path = Vector2Tests.swift; sourceTree = "<group>"; };
		__PBXFileRef_Tests/SwiftishTests/Vector3Tests.swift /* Vector3Tests.swift */ = {isa = PBXFileReference; lastKnownFileType = sourcecode.swift; path = Vector3Tests.swift; sourceTree = "<group>"; };
		__PBXFileRef_Tests/SwiftishTests/Vector4Tests.swift /* Vector4Tests.swift */ = {isa = PBXFileReference; lastKnownFileType = sourcecode.swift; path = Vector4Tests.swift; sourceTree = "<group>"; };
		"_____Product_Swiftish" /* Swiftish.framework */ = {isa = PBXFileReference; explicitFileType = wrapper.framework; path = Swiftish.framework; sourceTree = BUILT_PRODUCTS_DIR; };
		"_____Product_SwiftishTests" /* SwiftishTests.xctest */ = {isa = PBXFileReference; lastKnownFileType = file; path = SwiftishTests.xctest; sourceTree = BUILT_PRODUCTS_DIR; };
/* End PBXFileReference section */

/* Begin PBXFrameworksBuildPhase section */
		"___LinkPhase_Swiftish" /* Frameworks */ = {
			isa = PBXFrameworksBuildPhase;
			buildActionMask = 0;
			files = (
			);
			runOnlyForDeploymentPostprocessing = 0;
		};
		"___LinkPhase_SwiftishTests" /* Frameworks */ = {
			isa = PBXFrameworksBuildPhase;
			buildActionMask = 0;
			files = (
				_LinkFileRef_Swiftish_via_SwiftishTests /* Swiftish.framework in Frameworks */,
			);
			runOnlyForDeploymentPostprocessing = 0;
		};
/* End PBXFrameworksBuildPhase section */

/* Begin PBXGroup section */
		TestProducts_ /* Tests */ = {
			isa = PBXGroup;
			children = (
				"_____Product_SwiftishTests" /* SwiftishTests.xctest */,
			);
			name = Tests;
			sourceTree = "<group>";
		};
		"___RootGroup_" = {
			isa = PBXGroup;
			children = (
				E5F052EE1DA194BA0061A18D /* LICENSE */,
				E5F052EF1DA194BA0061A18D /* README.md */,
				__PBXFileRef_Package.swift /* Package.swift */,
				"_____Configs_" /* Configs */,
				"_____Sources_" /* Sources */,
				"_______Tests_" /* Tests */,
				"____Products_" /* Products */,
			);
			sourceTree = "<group>";
		};
		"____Products_" /* Products */ = {
			isa = PBXGroup;
			children = (
				TestProducts_ /* Tests */,
				"_____Product_Swiftish" /* Swiftish.framework */,
			);
			name = Products;
			sourceTree = "<group>";
		};
		"_____Configs_" /* Configs */ = {
			isa = PBXGroup;
			children = (
				__PBXFileRef_Swiftish.xcodeproj/Configs/Project.xcconfig /* Swiftish.xcodeproj/Configs/Project.xcconfig */,
			);
			name = Configs;
			sourceTree = "<group>";
		};
		"_____Sources_" /* Sources */ = {
			isa = PBXGroup;
			children = (
				"_______Group_Swiftish" /* Swiftish */,
			);
			name = Sources;
			sourceTree = "<group>";
		};
		"_______Group_Swiftish" /* Swiftish */ = {
			isa = PBXGroup;
			children = (
				__PBXFileRef_Sources/Angle.swift /* Angle.swift */,
				__PBXFileRef_Sources/Bounds2.swift /* Bounds2.swift */,
				__PBXFileRef_Sources/Bounds3.swift /* Bounds3.swift */,
				__PBXFileRef_Sources/Circle.swift /* Circle.swift */,
				__PBXFileRef_Sources/Color.swift /* Color.swift */,
				__PBXFileRef_Sources/Frustum.swift /* Frustum.swift */,
				__PBXFileRef_Sources/Intersection.swift /* Intersection.swift */,
				__PBXFileRef_Sources/Matrix2x2.swift /* Matrix2x2.swift */,
				__PBXFileRef_Sources/Matrix3x3.swift /* Matrix3x3.swift */,
				__PBXFileRef_Sources/Matrix4x4.swift /* Matrix4x4.swift */,
				__PBXFileRef_Sources/PerspectiveProjection.swift /* PerspectiveProjection.swift */,
				__PBXFileRef_Sources/Plane.swift /* Plane.swift */,
				__PBXFileRef_Sources/Quaternion.swift /* Quaternion.swift */,
				__PBXFileRef_Sources/Ray3.swift /* Ray3.swift */,
				__PBXFileRef_Sources/Region2.swift /* Region2.swift */,
				__PBXFileRef_Sources/Region3.swift /* Region3.swift */,
				__PBXFileRef_Sources/Size.swift /* Size.swift */,
				__PBXFileRef_Sources/Sphere.swift /* Sphere.swift */,
				__PBXFileRef_Sources/TexCoord.swift /* TexCoord.swift */,
				__PBXFileRef_Sources/Transform3.swift /* Transform3.swift */,
				__PBXFileRef_Sources/Triangle2.swift /* Triangle2.swift */,
				__PBXFileRef_Sources/Triangle3.swift /* Triangle3.swift */,
				__PBXFileRef_Sources/Vector2.swift /* Vector2.swift */,
				__PBXFileRef_Sources/Vector3.swift /* Vector3.swift */,
				__PBXFileRef_Sources/Vector4.swift /* Vector4.swift */,
				__PBXFileRef_Sources/Vectorable.swift /* Vectorable.swift */,
			);
			name = Swiftish;
			path = Sources;
			sourceTree = "<group>";
		};
		"_______Group_SwiftishTests" /* SwiftishTests */ = {
			isa = PBXGroup;
			children = (
				__PBXFileRef_Tests/SwiftishTests/Matrix2Tests.swift /* Matrix2Tests.swift */,
				__PBXFileRef_Tests/SwiftishTests/Matrix3Tests.swift /* Matrix3Tests.swift */,
				__PBXFileRef_Tests/SwiftishTests/Matrix4Tests.swift /* Matrix4Tests.swift */,
				__PBXFileRef_Tests/SwiftishTests/Vector2Tests.swift /* Vector2Tests.swift */,
				__PBXFileRef_Tests/SwiftishTests/Vector3Tests.swift /* Vector3Tests.swift */,
				__PBXFileRef_Tests/SwiftishTests/Vector4Tests.swift /* Vector4Tests.swift */,
			);
			name = SwiftishTests;
			path = Tests/SwiftishTests;
			sourceTree = "<group>";
		};
		"_______Tests_" /* Tests */ = {
			isa = PBXGroup;
			children = (
				"_______Group_SwiftishTests" /* SwiftishTests */,
			);
			name = Tests;
			sourceTree = "<group>";
		};
/* End PBXGroup section */

/* Begin PBXNativeTarget section */
		"______Target_Swiftish" /* Swiftish */ = {
			isa = PBXNativeTarget;
			buildConfigurationList = "_______Confs_Swiftish" /* Build configuration list for PBXNativeTarget "Swiftish" */;
			buildPhases = (
				CompilePhase_Swiftish /* Sources */,
				"___LinkPhase_Swiftish" /* Frameworks */,
			);
			buildRules = (
			);
			dependencies = (
			);
			name = Swiftish;
			productName = Swiftish;
			productReference = "_____Product_Swiftish" /* Swiftish.framework */;
			productType = "com.apple.product-type.framework";
		};
		"______Target_SwiftishTests" /* SwiftishTests */ = {
			isa = PBXNativeTarget;
			buildConfigurationList = "_______Confs_SwiftishTests" /* Build configuration list for PBXNativeTarget "SwiftishTests" */;
			buildPhases = (
				CompilePhase_SwiftishTests /* Sources */,
				"___LinkPhase_SwiftishTests" /* Frameworks */,
			);
			buildRules = (
			);
			dependencies = (
				__Dependency_Swiftish /* PBXTargetDependency */,
			);
			name = SwiftishTests;
			productName = SwiftishTests;
			productReference = "_____Product_SwiftishTests" /* SwiftishTests.xctest */;
			productType = "com.apple.product-type.bundle.unit-test";
		};
/* End PBXNativeTarget section */

/* Begin PBXProject section */
		__RootObject_ /* Project object */ = {
			isa = PBXProject;
			attributes = {
				LastUpgradeCheck = 9999;
			};
			buildConfigurationList = "___RootConfs_" /* Build configuration list for PBXProject "Swiftish" */;
			compatibilityVersion = "Xcode 3.2";
			developmentRegion = English;
			hasScannedForEncodings = 0;
			knownRegions = (
				en,
			);
			mainGroup = "___RootGroup_";
			productRefGroup = "____Products_" /* Products */;
			projectDirPath = "";
			projectRoot = "";
			targets = (
				"______Target_Swiftish" /* Swiftish */,
				"______Target_SwiftishTests" /* SwiftishTests */,
			);
		};
/* End PBXProject section */

/* Begin PBXSourcesBuildPhase section */
		CompilePhase_Swiftish /* Sources */ = {
			isa = PBXSourcesBuildPhase;
			buildActionMask = 0;
			files = (
				__src_cc_ref_Sources/Angle.swift /* Angle.swift in Sources */,
				__src_cc_ref_Sources/Bounds2.swift /* Bounds2.swift in Sources */,
				__src_cc_ref_Sources/Bounds3.swift /* Bounds3.swift in Sources */,
				__src_cc_ref_Sources/Circle.swift /* Circle.swift in Sources */,
				__src_cc_ref_Sources/Color.swift /* Color.swift in Sources */,
				__src_cc_ref_Sources/Frustum.swift /* Frustum.swift in Sources */,
				__src_cc_ref_Sources/Intersection.swift /* Intersection.swift in Sources */,
				__src_cc_ref_Sources/Matrix2x2.swift /* Matrix2x2.swift in Sources */,
				__src_cc_ref_Sources/Matrix3x3.swift /* Matrix3x3.swift in Sources */,
				__src_cc_ref_Sources/Matrix4x4.swift /* Matrix4x4.swift in Sources */,
				__src_cc_ref_Sources/PerspectiveProjection.swift /* PerspectiveProjection.swift in Sources */,
				__src_cc_ref_Sources/Plane.swift /* Plane.swift in Sources */,
				__src_cc_ref_Sources/Quaternion.swift /* Quaternion.swift in Sources */,
				__src_cc_ref_Sources/Ray3.swift /* Ray3.swift in Sources */,
				__src_cc_ref_Sources/Region2.swift /* Region2.swift in Sources */,
				E5F052F01DA194BA0061A18D /* README.md in Sources */,
				__src_cc_ref_Sources/Region3.swift /* Region3.swift in Sources */,
				__src_cc_ref_Sources/Size.swift /* Size.swift in Sources */,
				__src_cc_ref_Sources/Sphere.swift /* Sphere.swift in Sources */,
				__src_cc_ref_Sources/TexCoord.swift /* TexCoord.swift in Sources */,
				__src_cc_ref_Sources/Transform3.swift /* Transform3.swift in Sources */,
				__src_cc_ref_Sources/Triangle2.swift /* Triangle2.swift in Sources */,
				__src_cc_ref_Sources/Triangle3.swift /* Triangle3.swift in Sources */,
				__src_cc_ref_Sources/Vector2.swift /* Vector2.swift in Sources */,
				__src_cc_ref_Sources/Vector3.swift /* Vector3.swift in Sources */,
				__src_cc_ref_Sources/Vector4.swift /* Vector4.swift in Sources */,
				__src_cc_ref_Sources/Vectorable.swift /* Vectorable.swift in Sources */,
			);
			runOnlyForDeploymentPostprocessing = 0;
		};
		CompilePhase_SwiftishTests /* Sources */ = {
			isa = PBXSourcesBuildPhase;
			buildActionMask = 0;
			files = (
				__src_cc_ref_Tests/SwiftishTests/Matrix2Tests.swift /* Matrix2Tests.swift in Sources */,
				__src_cc_ref_Tests/SwiftishTests/Matrix3Tests.swift /* Matrix3Tests.swift in Sources */,
				__src_cc_ref_Tests/SwiftishTests/Matrix4Tests.swift /* Matrix4Tests.swift in Sources */,
				__src_cc_ref_Tests/SwiftishTests/Vector2Tests.swift /* Vector2Tests.swift in Sources */,
				__src_cc_ref_Tests/SwiftishTests/Vector3Tests.swift /* Vector3Tests.swift in Sources */,
				__src_cc_ref_Tests/SwiftishTests/Vector4Tests.swift /* Vector4Tests.swift in Sources */,
			);
			runOnlyForDeploymentPostprocessing = 0;
		};
/* End PBXSourcesBuildPhase section */

/* Begin PBXTargetDependency section */
		__Dependency_Swiftish /* PBXTargetDependency */ = {
			isa = PBXTargetDependency;
			target = "______Target_Swiftish" /* Swiftish */;
			targetProxy = E5F052ED1DA194450061A18D /* PBXContainerItemProxy */;
		};
/* End PBXTargetDependency section */

/* Begin XCBuildConfiguration section */
		_ReleaseConf_Swiftish /* Release */ = {
			isa = XCBuildConfiguration;
			buildSettings = {
				ENABLE_TESTABILITY = YES;
				FRAMEWORK_SEARCH_PATHS = "$(PLATFORM_DIR)/Developer/Library/Frameworks";
				INFOPLIST_FILE = Swiftish.xcodeproj/Swiftish_Info.plist;
				LD_RUNPATH_SEARCH_PATHS = "$(TOOLCHAIN_DIR)/usr/lib/swift/macosx";
				OTHER_LDFLAGS = "$(inherited)";
				OTHER_SWIFT_FLAGS = "$(inherited)";
				PRODUCT_BUNDLE_IDENTIFIER = Swiftish;
				PRODUCT_MODULE_NAME = "$(TARGET_NAME:c99extidentifier)";
				PRODUCT_NAME = "$(TARGET_NAME:c99extidentifier)";
				SWIFT_VERSION = 3.0;
			};
			name = Release;
		};
		_ReleaseConf_SwiftishTests /* Release */ = {
			isa = XCBuildConfiguration;
			buildSettings = {
				EMBEDDED_CONTENT_CONTAINS_SWIFT = YES;
				FRAMEWORK_SEARCH_PATHS = "$(PLATFORM_DIR)/Developer/Library/Frameworks";
				INFOPLIST_FILE = Swiftish.xcodeproj/SwiftishTests_Info.plist;
				LD_RUNPATH_SEARCH_PATHS = "@loader_path/../Frameworks";
				OTHER_LDFLAGS = "$(inherited)";
				OTHER_SWIFT_FLAGS = "$(inherited)";
				SWIFT_VERSION = 3.0;
			};
			name = Release;
		};
		"___DebugConf_Swiftish" /* Debug */ = {
			isa = XCBuildConfiguration;
			buildSettings = {
				ENABLE_TESTABILITY = YES;
				FRAMEWORK_SEARCH_PATHS = "$(PLATFORM_DIR)/Developer/Library/Frameworks";
				INFOPLIST_FILE = Swiftish.xcodeproj/Swiftish_Info.plist;
				LD_RUNPATH_SEARCH_PATHS = "$(TOOLCHAIN_DIR)/usr/lib/swift/macosx";
				OTHER_LDFLAGS = "$(inherited)";
				OTHER_SWIFT_FLAGS = "$(inherited)";
				PRODUCT_BUNDLE_IDENTIFIER = Swiftish;
				PRODUCT_MODULE_NAME = "$(TARGET_NAME:c99extidentifier)";
				PRODUCT_NAME = "$(TARGET_NAME:c99extidentifier)";
				SWIFT_OPTIMIZATION_LEVEL = "-Onone";
				SWIFT_VERSION = 3.0;
			};
			name = Debug;
		};
		"___DebugConf_SwiftishTests" /* Debug */ = {
			isa = XCBuildConfiguration;
			buildSettings = {
				EMBEDDED_CONTENT_CONTAINS_SWIFT = YES;
				FRAMEWORK_SEARCH_PATHS = "$(PLATFORM_DIR)/Developer/Library/Frameworks";
				INFOPLIST_FILE = Swiftish.xcodeproj/SwiftishTests_Info.plist;
				LD_RUNPATH_SEARCH_PATHS = "@loader_path/../Frameworks";
				OTHER_LDFLAGS = "$(inherited)";
				OTHER_SWIFT_FLAGS = "$(inherited)";
				SWIFT_OPTIMIZATION_LEVEL = "-Onone";
				SWIFT_VERSION = 3.0;
			};
			name = Debug;
		};
		"_____Release_" /* Release */ = {
			isa = XCBuildConfiguration;
			baseConfigurationReference = __PBXFileRef_Swiftish.xcodeproj/Configs/Project.xcconfig /* Swiftish.xcodeproj/Configs/Project.xcconfig */;
			buildSettings = {
			};
			name = Release;
		};
		"_______Debug_" /* Debug */ = {
			isa = XCBuildConfiguration;
			baseConfigurationReference = __PBXFileRef_Swiftish.xcodeproj/Configs/Project.xcconfig /* Swiftish.xcodeproj/Configs/Project.xcconfig */;
			buildSettings = {
			};
			name = Debug;
		};
/* End XCBuildConfiguration section */

/* Begin XCConfigurationList section */
		"___RootConfs_" /* Build configuration list for PBXProject "Swiftish" */ = {
			isa = XCConfigurationList;
			buildConfigurations = (
				"_______Debug_" /* Debug */,
				"_____Release_" /* Release */,
			);
			defaultConfigurationIsVisible = 0;
			defaultConfigurationName = Debug;
		};
		"_______Confs_Swiftish" /* Build configuration list for PBXNativeTarget "Swiftish" */ = {
			isa = XCConfigurationList;
			buildConfigurations = (
				"___DebugConf_Swiftish" /* Debug */,
				_ReleaseConf_Swiftish /* Release */,
			);
			defaultConfigurationIsVisible = 0;
			defaultConfigurationName = Debug;
		};
		"_______Confs_SwiftishTests" /* Build configuration list for PBXNativeTarget "SwiftishTests" */ = {
			isa = XCConfigurationList;
			buildConfigurations = (
				"___DebugConf_SwiftishTests" /* Debug */,
				_ReleaseConf_SwiftishTests /* Release */,
			);
			defaultConfigurationIsVisible = 0;
			defaultConfigurationName = Debug;
		};
/* End XCConfigurationList section */
	};
	rootObject = __RootObject_ /* Project object */;
}
